{
  "version": "3",
  "packages": {
    "specifiers": {
      "jsr:@std/assert@1": "jsr:@std/assert@1.0.19",
      "jsr:@std/async@^1.4.0": "jsr:@std/async@1.5.0",
      "jsr:@std/data-structures@^1.1.0": "jsr:@std/data-structures@1.1.1",
      "jsr:@std/internal@^1.0.12": "jsr:@std/internal@1.0.14",
      "jsr:@std/testing@1": "jsr:@std/testing@1.0.19",
      "npm:@types/node": "npm:@types/node@18.16.19"
    },
    "jsr": {
      "@std/assert@1.0.19": {
        "integrity": "eaada96ee120cb980bc47e040f82814d786fe8162ecc53c91d8df60b8755991e",
        "dependencies": [
          "jsr:@std/internal@^1.0.12"
        ]
      },
      "@std/async@1.5.0": {
        "integrity": "4c1f22d287a17ad7d8643b1952bc5a4d21e5d8b68dc8c20d8268eecc69096e82"
      },
      "@std/data-structures@1.1.1": {
        "integrity": "7e1fcf19771fb9c6dbcd7f65039d6d42ef8dc023cfbc0c4cdc74b24e09229380"
      },
      "@std/internal@1.0.14": {
        "integrity": "291516b3d4c35024d6ffbc0a9df5bf4c64116e05b50012cf846710152d2ffdf7"
      },
      "@std/testing@1.0.19": {
        "integrity": "f4236172365b216728dc3cc8b5e80a9f4c33083d1e4ede7613d5b25b4014898e",
        "dependencies": [
          "jsr:@std/async@^1.4.0",
          "jsr:@std/data-structures@^1.1.0"
        ]
      }
    },
    "npm": {
      "@types/node@18.16.19": {
        "integrity": "sha512-IXl7o+R9iti9eBW4Wg2hx1xQDig183jj7YLn8F7udNceyfkbn1ZxmzZXuak20gR40D7pIkIY1kYGx5VIGbaHKA==",
        "dependencies": {}
      }
    }
  },
  "remote": {},
  "workspace": {
    "packageJson": {
      "dependencies": [
        "npm:@supabase/supabase-js@^2.38.0",
        "npm:@types/node@^20.0.0",
        "npm:@types/react@^18.2.0",
        "npm:autoprefixer@^10.4.0",
        "npm:axios@^1.6.0",
        "npm:date-fns@^2.30.0",
        "npm:eslint-config-next@^14.0.0",
        "npm:eslint@^8.50.0",
        "npm:framer-motion@^10.16.0",
        "npm:next@^14.0.0",
        "npm:openai@^4.0.0",
        "npm:postcss@^8.4.0",
        "npm:react-dom@^18.2.0",
        "npm:react-icons@^4.12.0",
        "npm:react@^18.2.0",
        "npm:recharts@^2.10.0",
        "npm:tailwindcss@^3.3.0",
        "npm:typescript@^5.0.0"
      ]
    }
  }
}
